Microsoft Visual Studio Solution File, Format Version 12.00
# Visual Studio 2012
Project("{FAE04EC0-301F-11D3-BF4B-00C04F79EFBC}") = "GodoTeX", "GodoTeX.csproj", "{A7D39D0B-DB33-40D4-8A8A-67D8AD2A2F62}"
EndProject
Global
	GlobalSection(SolutionConfigurationPlatforms) = preSolution
	Debug|Any CPU = Debug|Any CPU
	ExportDebug|Any CPU = ExportDebug|Any CPU
	ExportRelease|Any CPU = ExportRelease|Any CPU
	EndGlobalSection
	GlobalSection(ProjectConfigurationPlatforms) = postSolution
		{A7D39D0B-DB33-40D4-8A8A-67D8AD2A2F62}.Debug|Any CPU.ActiveCfg = Debug|Any CPU
		{A7D39D0B-DB33-40D4-8A8A-67D8AD2A2F62}.Debug|Any CPU.Build.0 = Debug|Any CPU
		{A7D39D0B-DB33-40D4-8A8A-67D8AD2A2F62}.ExportDebug|Any CPU.ActiveCfg = ExportDebug|Any CPU
		{A7D39D0B-DB33-40D4-8A8A-67D8AD2A2F62}.ExportDebug|Any CPU.Build.0 = ExportDebug|Any CPU
		{A7D39D0B-DB33-40D4-8A8A-67D8AD2A2F62}.ExportRelease|Any CPU.ActiveCfg = ExportRelease|Any CPU
		{A7D39D0B-DB33-40D4-8A8A-67D8AD2A2F62}.ExportRelease|Any CPU.Build.0 = ExportRelease|Any CPU
	EndGlobalSection
EndGlobal
